
Microsoft Visual Studio Solution File, Format Version 12.00
# Visual Studio Version 16
VisualStudioVersion = 16.0.30517.126
MinimumVisualStudioVersion = 10.0.40219.1
Project("{FAE04EC0-301F-11D3-BF4B-00C04F79EFBC}") = "ProyectoBusGrafico", "ProyectoBusGrafico.csproj", "{E3FE3238-94C9-4C6E-B585-8ADAF717259C}"
EndProject
Global
	GlobalSection(SolutionConfigurationPlatforms) = preSolution
		Debug|Any CPU = Debug|Any CPU
		Release|Any CPU = Release|Any CPU
	EndGlobalSection
	GlobalSection(ProjectConfigurationPlatforms) = postSolution
		{E3FE3238-94C9-4C6E-B585-8ADAF717259C}.Debug|Any CPU.ActiveCfg = Debug|Any CPU
		{E3FE3238-94C9-4C6E-B585-8ADAF717259C}.Debug|Any CPU.Build.0 = Debug|Any CPU
		{E3FE3238-94C9-4C6E-B585-8ADAF717259C}.Release|Any CPU.ActiveCfg = Release|Any CPU
		{E3FE3238-94C9-4C6E-B585-8ADAF717259C}.Release|Any CPU.Build.0 = Release|Any CPU
	EndGlobalSection
	GlobalSection(SolutionProperties) = preSolution
		HideSolutionNode = FALSE
	EndGlobalSection
	GlobalSection(ExtensibilityGlobals) = postSolution
		SolutionGuid = {F9918C33-ECD3-4B0C-9A71-1EBA9A01489B}
	EndGlobalSection
EndGlobal
